
Microsoft Visual Studio Solution File, Format Version 12.00
# Visual Studio Version 16
VisualStudioVersion = 25.0.1700.7
MinimumVisualStudioVersion = 10.0.40219.1
Project("{FAE04EC0-301F-11D3-BF4B-00C04F79EFBC}") = "EasyReproTest", "EasyReproTest\EasyReproTest.csproj", "{C1B31955-0BDE-4547-A8B7-AF71CDCB2197}"
EndProject
Global
	GlobalSection(SolutionConfigurationPlatforms) = preSolution
		Debug|Any CPU = Debug|Any CPU
		Release|Any CPU = Release|Any CPU
	EndGlobalSection
	GlobalSection(ProjectConfigurationPlatforms) = postSolution
		{C1B31955-0BDE-4547-A8B7-AF71CDCB2197}.Debug|Any CPU.ActiveCfg = Debug|Any CPU
		{C1B31955-0BDE-4547-A8B7-AF71CDCB2197}.Debug|Any CPU.Build.0 = Debug|Any CPU
		{C1B31955-0BDE-4547-A8B7-AF71CDCB2197}.Release|Any CPU.ActiveCfg = Release|Any CPU
		{C1B31955-0BDE-4547-A8B7-AF71CDCB2197}.Release|Any CPU.Build.0 = Release|Any CPU
	EndGlobalSection
	GlobalSection(SolutionProperties) = preSolution
		HideSolutionNode = FALSE
	EndGlobalSection
	GlobalSection(ExtensibilityGlobals) = postSolution
		SolutionGuid = {583A5D1D-A44D-456F-AE41-912926D8CFD4}
	EndGlobalSection
EndGlobal
